
Microsoft Visual Studio Solution File, Format Version 12.00
# Visual Studio 2012
Project("{FAE04EC0-301F-11D3-BF4B-00C04F79EFBC}") = "TravelTime", "TravelTime.csproj", "{418A75C2-1A83-4A5D-A3FC-BA65FF7DD772}"
EndProject
Global
	GlobalSection(SolutionConfigurationPlatforms) = preSolution
		Debug|Any CPU = Debug|Any CPU
		Release|Any CPU = Release|Any CPU
	EndGlobalSection
	GlobalSection(ProjectConfigurationPlatforms) = postSolution
		{418A75C2-1A83-4A5D-A3FC-BA65FF7DD772}.Debug|Any CPU.ActiveCfg = Debug|Any CPU
		{418A75C2-1A83-4A5D-A3FC-BA65FF7DD772}.Debug|Any CPU.Build.0 = Debug|Any CPU
		{418A75C2-1A83-4A5D-A3FC-BA65FF7DD772}.Release|Any CPU.ActiveCfg = Release|Any CPU
		{418A75C2-1A83-4A5D-A3FC-BA65FF7DD772}.Release|Any CPU.Build.0 = Release|Any CPU
	EndGlobalSection
	GlobalSection(SolutionProperties) = preSolution
		HideSolutionNode = FALSE
	EndGlobalSection
EndGlobal
